
Microsoft Visual Studio Solution File, Format Version 12.00
# Visual Studio Version 16
VisualStudioVersion = 16.0.31702.278
MinimumVisualStudioVersion = 10.0.40219.1
Project("{FAE04EC0-301F-11D3-BF4B-00C04F79EFBC}") = "ConsoleApp1", "ConsoleApp1\ConsoleApp1.csproj", "{3EA97DE5-0716-4F91-9B1D-47DEF03B3C85}"
EndProject
Project("{2150E333-8FDC-42A3-9474-1A3956D46DE8}") = "Solution Items", "Solution Items", "{D4950C55-2412-48BB-8470-A7ECB99E0111}"
	ProjectSection(SolutionItems) = preProject
		.editorconfig = .editorconfig
	EndProjectSection
EndProject
Global
	GlobalSection(SolutionConfigurationPlatforms) = preSolution
		Debug|Any CPU = Debug|Any CPU
		Release|Any CPU = Release|Any CPU
	EndGlobalSection
	GlobalSection(ProjectConfigurationPlatforms) = postSolution
		{3EA97DE5-0716-4F91-9B1D-47DEF03B3C85}.Debug|Any CPU.ActiveCfg = Debug|Any CPU
		{3EA97DE5-0716-4F91-9B1D-47DEF03B3C85}.Debug|Any CPU.Build.0 = Debug|Any CPU
		{3EA97DE5-0716-4F91-9B1D-47DEF03B3C85}.Release|Any CPU.ActiveCfg = Release|Any CPU
		{3EA97DE5-0716-4F91-9B1D-47DEF03B3C85}.Release|Any CPU.Build.0 = Release|Any CPU
	EndGlobalSection
	GlobalSection(SolutionProperties) = preSolution
		HideSolutionNode = FALSE
	EndGlobalSection
	GlobalSection(ExtensibilityGlobals) = postSolution
		SolutionGuid = {69788B64-7FE4-4069-A11D-BFC170B14366}
	EndGlobalSection
EndGlobal
